
Microsoft Visual Studio Solution File, Format Version 12.00
# Visual Studio Version 17
VisualStudioVersion = 17.14.36310.24 d17.14
MinimumVisualStudioVersion = 10.0.40219.1
Project("{FAE04EC0-301F-11D3-BF4B-00C04F79EFBC}") = "EmployeeManagement", "EmployeeManagement\EmployeeManagement.csproj", "{D9B9A782-A41D-44D6-86A6-E536B6FAF044}"
EndProject
Project("{FAE04EC0-301F-11D3-BF4B-00C04F79EFBC}") = "Models", "Models\Models.csproj", "{BB3D0188-DAF8-4065-B693-8191873CF36A}"
EndProject
Project("{FAE04EC0-301F-11D3-BF4B-00C04F79EFBC}") = "ViewModels", "ViewModels\ViewModels.csproj", "{9EF3A91D-33E4-493A-8849-33DCF4B98CBC}"
EndProject
Global
	GlobalSection(SolutionConfigurationPlatforms) = preSolution
		Debug|Any CPU = Debug|Any CPU
		Release|Any CPU = Release|Any CPU
	EndGlobalSection
	GlobalSection(ProjectConfigurationPlatforms) = postSolution
		{D9B9A782-A41D-44D6-86A6-E536B6FAF044}.Debug|Any CPU.ActiveCfg = Debug|Any CPU
		{D9B9A782-A41D-44D6-86A6-E536B6FAF044}.Debug|Any CPU.Build.0 = Debug|Any CPU
		{D9B9A782-A41D-44D6-86A6-E536B6FAF044}.Release|Any CPU.ActiveCfg = Release|Any CPU
		{D9B9A782-A41D-44D6-86A6-E536B6FAF044}.Release|Any CPU.Build.0 = Release|Any CPU
		{BB3D0188-DAF8-4065-B693-8191873CF36A}.Debug|Any CPU.ActiveCfg = Debug|Any CPU
		{BB3D0188-DAF8-4065-B693-8191873CF36A}.Debug|Any CPU.Build.0 = Debug|Any CPU
		{BB3D0188-DAF8-4065-B693-8191873CF36A}.Release|Any CPU.ActiveCfg = Release|Any CPU
		{BB3D0188-DAF8-4065-B693-8191873CF36A}.Release|Any CPU.Build.0 = Release|Any CPU
		{9EF3A91D-33E4-493A-8849-33DCF4B98CBC}.Debug|Any CPU.ActiveCfg = Debug|Any CPU
		{9EF3A91D-33E4-493A-8849-33DCF4B98CBC}.Debug|Any CPU.Build.0 = Debug|Any CPU
		{9EF3A91D-33E4-493A-8849-33DCF4B98CBC}.Release|Any CPU.ActiveCfg = Release|Any CPU
		{9EF3A91D-33E4-493A-8849-33DCF4B98CBC}.Release|Any CPU.Build.0 = Release|Any CPU
	EndGlobalSection
	GlobalSection(SolutionProperties) = preSolution
		HideSolutionNode = FALSE
	EndGlobalSection
	GlobalSection(ExtensibilityGlobals) = postSolution
		SolutionGuid = {DB6411AA-9157-4D4F-8CF4-983E9BEA0147}
	EndGlobalSection
EndGlobal
